{
  "name": "tools",
  "version": "1.0.0",
  "lockfileVersion": 3,
  "requires": true,
  "packages": {
    "": {
      "name": "tools",
      "version": "1.0.0",
      "license": "ISC",
      "dependencies": {
        "@coderline/alphatab": "^1.8.4",
        "signalsmith-stretch": "^1.3.2"
      }
    },
    "node_modules/@coderline/alphatab": {
      "version": "1.8.4",
      "resolved": "https://registry.npmjs.org/@coderline/alphatab/-/alphatab-1.8.4.tgz",
      "integrity": "sha512-VN5rfTZZWgA63Ny1aDKCp02k3Qm9CHhg4Q9AnK0kHm7G+fNDNZo36TeToPDFoJ6VpB9+AHcCrHwHFUP1tKqdsw==",
      "license": "MPL-2.0",
      "engines": {
        "node": ">=6.0.0"
      }
    },
    "node_modules/signalsmith-stretch": {
      "version": "1.3.2",
      "resolved": "https://registry.npmjs.org/signalsmith-stretch/-/signalsmith-stretch-1.3.2.tgz",
      "integrity": "sha512-tJqRbwPCoWLSHXwO29UQ75u72IwPsHns3RG+TKzuOAp7OduJiJMzEtz32JEFbPFQcTR7aiKCIVc+/Kzw8bMZUw==",
      "license": "MIT"
    }
  }
}
